
Microsoft Visual Studio Solution File, Format Version 12.00
# Visual Studio 15
VisualStudioVersion = 15.0.27703.2035
MinimumVisualStudioVersion = 10.0.40219.1
Project("{DA7A21FA-8162-4350-AD77-A8D1B671F3ED}") = "TestForDEsingle", "TestForDEsingle\TestForDEsingle.rxproj", "{46A9B354-1DE7-456C-AE43-38939342DCBD}"
EndProject
Global
	GlobalSection(SolutionConfigurationPlatforms) = preSolution
		Debug|Any CPU = Debug|Any CPU
		Release|Any CPU = Release|Any CPU
	EndGlobalSection
	GlobalSection(ProjectConfigurationPlatforms) = postSolution
		{46A9B354-1DE7-456C-AE43-38939342DCBD}.Debug|Any CPU.ActiveCfg = Debug|Any CPU
		{46A9B354-1DE7-456C-AE43-38939342DCBD}.Debug|Any CPU.Build.0 = Debug|Any CPU
		{46A9B354-1DE7-456C-AE43-38939342DCBD}.Release|Any CPU.ActiveCfg = Release|Any CPU
		{46A9B354-1DE7-456C-AE43-38939342DCBD}.Release|Any CPU.Build.0 = Release|Any CPU
	EndGlobalSection
	GlobalSection(SolutionProperties) = preSolution
		HideSolutionNode = FALSE
	EndGlobalSection
	GlobalSection(ExtensibilityGlobals) = postSolution
		SolutionGuid = {75BF3CA8-1930-436E-978A-B4ED9A82BB8D}
	EndGlobalSection
EndGlobal
